
Microsoft Visual Studio Solution File, Format Version 12.00
# Visual Studio Version 16
VisualStudioVersion = 16.0.30907.101
MinimumVisualStudioVersion = 10.0.40219.1
Project("{9A19103F-16F7-4668-BE54-9A1E7A4F7556}") = "HelloWorldASP_MVC", "HelloWorldASP_MVC.csproj", "{7DB9493F-DB49-4852-989A-A5C4E86914B9}"
EndProject
Project("{FAE04EC0-301F-11D3-BF4B-00C04F79EFBC}") = "HelloWorld.Tests", "..\HelloWorld.Tests\HelloWorld.Tests.csproj", "{016BB9E0-FE4B-45D0-88AB-32F5FE9661F9}"
EndProject
Global
	GlobalSection(SolutionConfigurationPlatforms) = preSolution
		Debug|Any CPU = Debug|Any CPU
		Release|Any CPU = Release|Any CPU
	EndGlobalSection
	GlobalSection(ProjectConfigurationPlatforms) = postSolution
		{7DB9493F-DB49-4852-989A-A5C4E86914B9}.Debug|Any CPU.ActiveCfg = Debug|Any CPU
		{7DB9493F-DB49-4852-989A-A5C4E86914B9}.Debug|Any CPU.Build.0 = Debug|Any CPU
		{7DB9493F-DB49-4852-989A-A5C4E86914B9}.Release|Any CPU.ActiveCfg = Release|Any CPU
		{7DB9493F-DB49-4852-989A-A5C4E86914B9}.Release|Any CPU.Build.0 = Release|Any CPU
		{016BB9E0-FE4B-45D0-88AB-32F5FE9661F9}.Debug|Any CPU.ActiveCfg = Debug|Any CPU
		{016BB9E0-FE4B-45D0-88AB-32F5FE9661F9}.Debug|Any CPU.Build.0 = Debug|Any CPU
		{016BB9E0-FE4B-45D0-88AB-32F5FE9661F9}.Release|Any CPU.ActiveCfg = Release|Any CPU
		{016BB9E0-FE4B-45D0-88AB-32F5FE9661F9}.Release|Any CPU.Build.0 = Release|Any CPU
	EndGlobalSection
	GlobalSection(SolutionProperties) = preSolution
		HideSolutionNode = FALSE
	EndGlobalSection
	GlobalSection(ExtensibilityGlobals) = postSolution
		SolutionGuid = {FC194306-2020-4351-B70E-99C694DE363E}
	EndGlobalSection
EndGlobal
